
Microsoft Visual Studio Solution File, Format Version 12.00
# Visual Studio 15
VisualStudioVersion = 15.0.27130.2036
MinimumVisualStudioVersion = 10.0.40219.1
Project("{FAE04EC0-301F-11D3-BF4B-00C04F79EFBC}") = "SyrasoftConnect", "SyrasoftConnect\SyrasoftConnect.csproj", "{C919FC58-8810-414C-824E-FE13E469C6E8}"
EndProject
Project("{FAE04EC0-301F-11D3-BF4B-00C04F79EFBC}") = "DAL", "DAL\DAL.csproj", "{04705E90-51EB-464B-B825-AB6D13FE1E59}"
EndProject
Global
	GlobalSection(SolutionConfigurationPlatforms) = preSolution
		Debug|Any CPU = Debug|Any CPU
		Release|Any CPU = Release|Any CPU
	EndGlobalSection
	GlobalSection(ProjectConfigurationPlatforms) = postSolution
		{C919FC58-8810-414C-824E-FE13E469C6E8}.Debug|Any CPU.ActiveCfg = Debug|Any CPU
		{C919FC58-8810-414C-824E-FE13E469C6E8}.Debug|Any CPU.Build.0 = Debug|Any CPU
		{C919FC58-8810-414C-824E-FE13E469C6E8}.Release|Any CPU.ActiveCfg = Release|Any CPU
		{C919FC58-8810-414C-824E-FE13E469C6E8}.Release|Any CPU.Build.0 = Release|Any CPU
		{04705E90-51EB-464B-B825-AB6D13FE1E59}.Debug|Any CPU.ActiveCfg = Debug|Any CPU
		{04705E90-51EB-464B-B825-AB6D13FE1E59}.Debug|Any CPU.Build.0 = Debug|Any CPU
		{04705E90-51EB-464B-B825-AB6D13FE1E59}.Release|Any CPU.ActiveCfg = Release|Any CPU
		{04705E90-51EB-464B-B825-AB6D13FE1E59}.Release|Any CPU.Build.0 = Release|Any CPU
	EndGlobalSection
	GlobalSection(SolutionProperties) = preSolution
		HideSolutionNode = FALSE
	EndGlobalSection
	GlobalSection(ExtensibilityGlobals) = postSolution
		SolutionGuid = {17C9E86C-A123-4C00-AEE2-CC9603789E60}
	EndGlobalSection
EndGlobal
